github.com/google/go-cmp v0.6.0 h1:ofyhxvXcZhMsU5ulbFiLKl/XBFqE1GSq7atu8tAmTRI=
github.com/google/go-cmp v0.6.0/go.mod h1:17dUlkBOakJ0+DkrSSNjCkIjxS6bF9zb3elmeNGIjoY=
github.com/koron-go/subcmd v0.0.2 h1:yo3QR7ys/DwhRmHZeyEDwxwFl0P/FSZdze9tjscdCWo=
github.com/koron-go/subcmd v0.0.2/go.mod h1:7yYPwJuVmG9D5xOjxUVlPfRmcAqj6mT76+tWDyjrJGs=
github.com/koron-go/zipx v1.2.0 h1:GfLaSiHehU4/Hhf4SwE0ue4VntIFnRBTZcvF0CYGn/A=
github.com/koron-go/zipx v1.2.0/go.mod h1:J2Azg7lSFzXyOk1mlLqrVyYN/w1eCLcDvvO9zxM3AiM=
golang.org/x/mod v0.16.0 h1:QX4fJ0Rr5cPQCF7O9lh9Se4pmwfwskqZfq5moyldzic=
golang.org/x/mod v0.16.0/go.mod h1:hTbmBsO62+eylJbnUtE2MGJUyE7QWk4xUqPFrRgJ+7c=
golang.org/x/sync v0.6.0 h1:5BMeUDZ7vkXGfEr1x9B4bRcTH4lpkTkpdh0T/J+qjbQ=
golang.org/x/sync v0.6.0/go.mod h1:Czt+wKu1gCyEFDUtn0jG5QVvpJ6rzVqr5aXyt9drQfk=
