github.com/koron-go/zipx v1.0.2 h1:VoelRLY7Z14XxeLtMFn5jhBVS+dvxSr5I0ms8RrNJj0=
github.com/koron-go/zipx v1.0.2/go.mod h1:sfX4FoCaSiVucLN2bP1pNWxvC5axA9xTsA60XMXCEJI=
github.com/koron/go-subcmd v1.0.0 h1:AVCdeWSfY9LaiuVHAumEKV3OYIIKG7pHw/+vvxhlJdk=
github.com/koron/go-subcmd v1.0.0/go.mod h1:D+hefRR744UrPtYBpn9xhuXNdJK4NliVntPEPTZajjA=
golang.org/x/sync v0.0.0-20190227155943-e225da77a7e6/go.mod h1:RxMgew5VJxzue5/jJTE5uejpjVlOe/izrB70Jof72aM=
golang.org/x/sync v0.0.0-20190911185100-cd5d95a43a6e h1:vcxGaoTs7kV8m5Np9uUNQin4BrLOthgV7252N8V+FwY=
golang.org/x/sync v0.0.0-20190911185100-cd5d95a43a6e/go.mod h1:RxMgew5VJxzue5/jJTE5uejpjVlOe/izrB70Jof72aM=
